// !$*UTF8*$!
{
	archiveVersion = 1;
	classes = {
	};
	objectVersion = 56;
	objects = {

/* Begin PBXBuildFile section */
		B6A09EF82BD81BD7004A0244 /* MapperApp.swift in Sources */ = {isa = PBXBuildFile; fileRef = B6A09EF72BD81BD7004A0244 /* MapperApp.swift */; };
		B6A09EFA2BD81BD7004A0244 /* ContentView.swift in Sources */ = {isa = PBXBuildFile; fileRef = B6A09EF92BD81BD7004A0244 /* ContentView.swift */; };
		B6A09EFC2BD81BD9004A0244 /* Assets.xcassets in Resources */ = {isa = PBXBuildFile; fileRef = B6A09EFB2BD81BD9004A0244 /* Assets.xcassets */; };
		B6A09EFF2BD81BD9004A0244 /* Preview Assets.xcassets in Resources */ = {isa = PBXBuildFile; fileRef = B6A09EFE2BD81BD9004A0244 /* Preview Assets.xcassets */; };
		B6A09F072BD81D3C004A0244 /* FirebaseFirestore in Frameworks */ = {isa = PBXBuildFile; productRef = B6A09F062BD81D3C004A0244 /* FirebaseFirestore */; };
		B6A09F092BD81D8F004A0244 /* GoogleService-Info.plist in Resources */ = {isa = PBXBuildFile; fileRef = B6A09F082BD81D8F004A0244 /* GoogleService-Info.plist */; };
		B6A09F112BD8213B004A0244 /* LocationData.swift in Sources */ = {isa = PBXBuildFile; fileRef = B6A09F102BD8213B004A0244 /* LocationData.swift */; };
		B6A09F132BD8214D004A0244 /* LocationManager.swift in Sources */ = {isa = PBXBuildFile; fileRef = B6A09F122BD8214D004A0244 /* LocationManager.swift */; };
		B6A09F152BD82902004A0244 /* POIView.swift in Sources */ = {isa = PBXBuildFile; fileRef = B6A09F142BD82902004A0244 /* POIView.swift */; };
		B6A09F182BD8337B004A0244 /* SignInView.swift in Sources */ = {isa = PBXBuildFile; fileRef = B6A09F172BD8337B004A0244 /* SignInView.swift */; };
		B6A09F1B2BD8338A004A0244 /* FirebaseAuth in Frameworks */ = {isa = PBXBuildFile; productRef = B6A09F1A2BD8338A004A0244 /* FirebaseAuth */; };
		B6A09F1D2BD8341A004A0244 /* AuthManager.swift in Sources */ = {isa = PBXBuildFile; fileRef = B6A09F1C2BD8341A004A0244 /* AuthManager.swift */; };
		B6D2B8752BDAC5AB00F2D5B2 /* Reachability.swift in Sources */ = {isa = PBXBuildFile; fileRef = B6D2B8742BDAC5AB00F2D5B2 /* Reachability.swift */; };
/* End PBXBuildFile section */

/* Begin PBXFileReference section */
		B6A09EF42BD81BD7004A0244 /* Mapper.app */ = {isa = PBXFileReference; explicitFileType = wrapper.application; includeInIndex = 0; path = Mapper.app; sourceTree = BUILT_PRODUCTS_DIR; };
		B6A09EF72BD81BD7004A0244 /* MapperApp.swift */ = {isa = PBXFileReference; lastKnownFileType = sourcecode.swift; path = MapperApp.swift; sourceTree = "<group>"; };
		B6A09EF92BD81BD7004A0244 /* ContentView.swift */ = {isa = PBXFileReference; lastKnownFileType = sourcecode.swift; path = ContentView.swift; sourceTree = "<group>"; };
		B6A09EFB2BD81BD9004A0244 /* Assets.xcassets */ = {isa = PBXFileReference; lastKnownFileType = folder.assetcatalog; path = Assets.xcassets; sourceTree = "<group>"; };
		B6A09EFE2BD81BD9004A0244 /* Preview Assets.xcassets */ = {isa = PBXFileReference; lastKnownFileType = folder.assetcatalog; path = "Preview Assets.xcassets"; sourceTree = "<group>"; };
		B6A09F082BD81D8F004A0244 /* GoogleService-Info.plist */ = {isa = PBXFileReference; fileEncoding = 4; lastKnownFileType = text.plist.xml; path = "GoogleService-Info.plist"; sourceTree = "<group>"; };
		B6A09F102BD8213B004A0244 /* LocationData.swift */ = {isa = PBXFileReference; lastKnownFileType = sourcecode.swift; path = LocationData.swift; sourceTree = "<group>"; };
		B6A09F122BD8214D004A0244 /* LocationManager.swift */ = {isa = PBXFileReference; lastKnownFileType = sourcecode.swift; path = LocationManager.swift; sourceTree = "<group>"; };
		B6A09F142BD82902004A0244 /* POIView.swift */ = {isa = PBXFileReference; lastKnownFileType = sourcecode.swift; path = POIView.swift; sourceTree = "<group>"; };
		B6A09F162BD82A8C004A0244 /* Info.plist */ = {isa = PBXFileReference; lastKnownFileType = text.plist; path = Info.plist; sourceTree = "<group>"; };
		B6A09F172BD8337B004A0244 /* SignInView.swift */ = {isa = PBXFileReference; lastKnownFileType = sourcecode.swift; path = SignInView.swift; sourceTree = "<group>"; };
		B6A09F1C2BD8341A004A0244 /* AuthManager.swift */ = {isa = PBXFileReference; lastKnownFileType = sourcecode.swift; path = AuthManager.swift; sourceTree = "<group>"; };
		B6D2B8742BDAC5AB00F2D5B2 /* Reachability.swift */ = {isa = PBXFileReference; lastKnownFileType = sourcecode.swift; path = Reachability.swift; sourceTree = "<group>"; };
/* End PBXFileReference section */

/* Begin PBXFrameworksBuildPhase section */
		B6A09EF12BD81BD7004A0244 /* Frameworks */ = {
			isa = PBXFrameworksBuildPhase;
			buildActionMask = 2147483647;
			files = (
				B6A09F072BD81D3C004A0244 /* FirebaseFirestore in Frameworks */,
				B6A09F1B2BD8338A004A0244 /* FirebaseAuth in Frameworks */,
			);
			runOnlyForDeploymentPostprocessing = 0;
		};
/* End PBXFrameworksBuildPhase section */

/* Begin PBXGroup section */
		B6A09EEB2BD81BD7004A0244 = {
			isa = PBXGroup;
			children = (
				B6A09EF62BD81BD7004A0244 /* Mapper */,
				B6A09EF52BD81BD7004A0244 /* Products */,
				B6A09F192BD8338A004A0244 /* Frameworks */,
			);
			sourceTree = "<group>";
		};
		B6A09EF52BD81BD7004A0244 /* Products */ = {
			isa = PBXGroup;
			children = (
				B6A09EF42BD81BD7004A0244 /* Mapper.app */,
			);
			name = Products;
			sourceTree = "<group>";
		};
		B6A09EF62BD81BD7004A0244 /* Mapper */ = {
			isa = PBXGroup;
			children = (
				B6A09F162BD82A8C004A0244 /* Info.plist */,
				B6A09F082BD81D8F004A0244 /* GoogleService-Info.plist */,
				B6A09EF72BD81BD7004A0244 /* MapperApp.swift */,
				B6A09F1C2BD8341A004A0244 /* AuthManager.swift */,
				B6A09EF92BD81BD7004A0244 /* ContentView.swift */,
				B6D2B8742BDAC5AB00F2D5B2 /* Reachability.swift */,
				B6A09F172BD8337B004A0244 /* SignInView.swift */,
				B6A09F142BD82902004A0244 /* POIView.swift */,
				B6A09F102BD8213B004A0244 /* LocationData.swift */,
				B6A09F122BD8214D004A0244 /* LocationManager.swift */,
				B6A09EFB2BD81BD9004A0244 /* Assets.xcassets */,
				B6A09EFD2BD81BD9004A0244 /* Preview Content */,
			);
			path = Mapper;
			sourceTree = "<group>";
		};
		B6A09EFD2BD81BD9004A0244 /* Preview Content */ = {
			isa = PBXGroup;
			children = (
				B6A09EFE2BD81BD9004A0244 /* Preview Assets.xcassets */,
			);
			path = "Preview Content";
			sourceTree = "<group>";
		};
		B6A09F192BD8338A004A0244 /* Frameworks */ = {
			isa = PBXGroup;
			children = (
			);
			name = Frameworks;
			sourceTree = "<group>";
		};
/* End PBXGroup section */

/* Begin PBXNativeTarget section */
		B6A09EF32BD81BD7004A0244 /* Mapper */ = {
			isa = PBXNativeTarget;
			buildConfigurationList = B6A09F022BD81BD9004A0244 /* Build configuration list for PBXNativeTarget "Mapper" */;
			buildPhases = (
				B6A09EF02BD81BD7004A0244 /* Sources */,
				B6A09EF12BD81BD7004A0244 /* Frameworks */,
				B6A09EF22BD81BD7004A0244 /* Resources */,
			);
			buildRules = (
			);
			dependencies = (
			);
			name = Mapper;
			packageProductDependencies = (
				B6A09F062BD81D3C004A0244 /* FirebaseFirestore */,
				B6A09F1A2BD8338A004A0244 /* FirebaseAuth */,
			);
			productName = Mapper;
			productReference = B6A09EF42BD81BD7004A0244 /* Mapper.app */;
			productType = "com.apple.product-type.application";
		};
/* End PBXNativeTarget section */

/* Begin PBXProject section */
		B6A09EEC2BD81BD7004A0244 /* Project object */ = {
			isa = PBXProject;
			attributes = {
				BuildIndependentTargetsInParallel = 1;
				LastSwiftUpdateCheck = 1530;
				LastUpgradeCheck = 1530;
				TargetAttributes = {
					B6A09EF32BD81BD7004A0244 = {
						CreatedOnToolsVersion = 15.3;
					};
				};
			};
			buildConfigurationList = B6A09EEF2BD81BD7004A0244 /* Build configuration list for PBXProject "Mapper" */;
			compatibilityVersion = "Xcode 14.0";
			developmentRegion = en;
			hasScannedForEncodings = 0;
			knownRegions = (
				en,
				Base,
			);
			mainGroup = B6A09EEB2BD81BD7004A0244;
			packageReferences = (
				B6A09F052BD81D3C004A0244 /* XCRemoteSwiftPackageReference "firebase-ios-sdk" */,
			);
			productRefGroup = B6A09EF52BD81BD7004A0244 /* Products */;
			projectDirPath = "";
			projectRoot = "";
			targets = (
				B6A09EF32BD81BD7004A0244 /* Mapper */,
			);
		};
/* End PBXProject section */

/* Begin PBXResourcesBuildPhase section */
		B6A09EF22BD81BD7004A0244 /* Resources */ = {
			isa = PBXResourcesBuildPhase;
			buildActionMask = 2147483647;
			files = (
				B6A09EFF2BD81BD9004A0244 /* Preview Assets.xcassets in Resources */,
				B6A09EFC2BD81BD9004A0244 /* Assets.xcassets in Resources */,
				B6A09F092BD81D8F004A0244 /* GoogleService-Info.plist in Resources */,
			);
			runOnlyForDeploymentPostprocessing = 0;
		};
/* End PBXResourcesBuildPhase section */

/* Begin PBXSourcesBuildPhase section */
		B6A09EF02BD81BD7004A0244 /* Sources */ = {
			isa = PBXSourcesBuildPhase;
			buildActionMask = 2147483647;
			files = (
				B6A09F182BD8337B004A0244 /* SignInView.swift in Sources */,
				B6A09F1D2BD8341A004A0244 /* AuthManager.swift in Sources */,
				B6A09F132BD8214D004A0244 /* LocationManager.swift in Sources */,
				B6A09F112BD8213B004A0244 /* LocationData.swift in Sources */,
				B6A09EFA2BD81BD7004A0244 /* ContentView.swift in Sources */,
				B6A09F152BD82902004A0244 /* POIView.swift in Sources */,
				B6D2B8752BDAC5AB00F2D5B2 /* Reachability.swift in Sources */,
				B6A09EF82BD81BD7004A0244 /* MapperApp.swift in Sources */,
			);
			runOnlyForDeploymentPostprocessing = 0;
		};
/* End PBXSourcesBuildPhase section */

/* Begin XCBuildConfiguration section */
		B6A09F002BD81BD9004A0244 /* Debug */ = {
			isa = XCBuildConfiguration;
			buildSettings = {
				ALWAYS_SEARCH_USER_PATHS = NO;
				ASSETCATALOG_COMPILER_GENERATE_SWIFT_ASSET_SYMBOL_EXTENSIONS = YES;
				CLANG_ANALYZER_NONNULL = YES;
				CLANG_ANALYZER_NUMBER_OBJECT_CONVERSION = YES_AGGRESSIVE;
				CLANG_CXX_LANGUAGE_STANDARD = "gnu++20";
				CLANG_ENABLE_MODULES = YES;
				CLANG_ENABLE_OBJC_ARC = YES;
				CLANG_ENABLE_OBJC_WEAK = YES;
				CLANG_WARN_BLOCK_CAPTURE_AUTORELEASING = YES;
				CLANG_WARN_BOOL_CONVERSION = YES;
				CLANG_WARN_COMMA = YES;
				CLANG_WARN_CONSTANT_CONVERSION = YES;
				CLANG_WARN_DEPRECATED_OBJC_IMPLEMENTATIONS = YES;
				CLANG_WARN_DIRECT_OBJC_ISA_USAGE = YES_ERROR;
				CLANG_WARN_DOCUMENTATION_COMMENTS = YES;
				CLANG_WARN_EMPTY_BODY = YES;
				CLANG_WARN_ENUM_CONVERSION = YES;
				CLANG_WARN_INFINITE_RECURSION = YES;
				CLANG_WARN_INT_CONVERSION = YES;
				CLANG_WARN_NON_LITERAL_NULL_CONVERSION = YES;
				CLANG_WARN_OBJC_IMPLICIT_RETAIN_SELF = YES;
				CLANG_WARN_OBJC_LITERAL_CONVERSION = YES;
				CLANG_WARN_OBJC_ROOT_CLASS = YES_ERROR;
				CLANG_WARN_QUOTED_INCLUDE_IN_FRAMEWORK_HEADER = YES;
				CLANG_WARN_RANGE_LOOP_ANALYSIS = YES;
				CLANG_WARN_STRICT_PROTOTYPES = YES;
				CLANG_WARN_SUSPICIOUS_MOVE = YES;
				CLANG_WARN_UNGUARDED_AVAILABILITY = YES_AGGRESSIVE;
				CLANG_WARN_UNREACHABLE_CODE = YES;
				CLANG_WARN__DUPLICATE_METHOD_MATCH = YES;
				COPY_PHASE_STRIP = NO;
				DEBUG_INFORMATION_FORMAT = dwarf;
				ENABLE_STRICT_OBJC_MSGSEND = YES;
				ENABLE_TESTABILITY = YES;
				ENABLE_USER_SCRIPT_SANDBOXING = YES;
				GCC_C_LANGUAGE_STANDARD = gnu17;
				GCC_DYNAMIC_NO_PIC = NO;
				GCC_NO_COMMON_BLOCKS = YES;
				GCC_OPTIMIZATION_LEVEL = 0;
				GCC_PREPROCESSOR_DEFINITIONS = (
					"DEBUG=1",
					"$(inherited)",
				);
				GCC_WARN_64_TO_32_BIT_CONVERSION = YES;
				GCC_WARN_ABOUT_RETURN_TYPE = YES_ERROR;
				GCC_WARN_UNDECLARED_SELECTOR = YES;
				GCC_WARN_UNINITIALIZED_AUTOS = YES_AGGRESSIVE;
				GCC_WARN_UNUSED_FUNCTION = YES;
				GCC_WARN_UNUSED_VARIABLE = YES;
				IPHONEOS_DEPLOYMENT_TARGET = 17.4;
				LOCALIZATION_PREFERS_STRING_CATALOGS = YES;
				MTL_ENABLE_DEBUG_INFO = INCLUDE_SOURCE;
				MTL_FAST_MATH = YES;
				ONLY_ACTIVE_ARCH = YES;
				SDKROOT = iphoneos;
				SWIFT_ACTIVE_COMPILATION_CONDITIONS = "DEBUG $(inherited)";
				SWIFT_OPTIMIZATION_LEVEL = "-Onone";
			};
			name = Debug;
		};
		B6A09F012BD81BD9004A0244 /* Release */ = {
			isa = XCBuildConfiguration;
			buildSettings = {
				ALWAYS_SEARCH_USER_PATHS = NO;
				ASSETCATALOG_COMPILER_GENERATE_SWIFT_ASSET_SYMBOL_EXTENSIONS = YES;
				CLANG_ANALYZER_NONNULL = YES;
				CLANG_ANALYZER_NUMBER_OBJECT_CONVERSION = YES_AGGRESSIVE;
				CLANG_CXX_LANGUAGE_STANDARD = "gnu++20";
				CLANG_ENABLE_MODULES = YES;
				CLANG_ENABLE_OBJC_ARC = YES;
				CLANG_ENABLE_OBJC_WEAK = YES;
				CLANG_WARN_BLOCK_CAPTURE_AUTORELEASING = YES;
				CLANG_WARN_BOOL_CONVERSION = YES;
				CLANG_WARN_COMMA = YES;
				CLANG_WARN_CONSTANT_CONVERSION = YES;
				CLANG_WARN_DEPRECATED_OBJC_IMPLEMENTATIONS = YES;
				CLANG_WARN_DIRECT_OBJC_ISA_USAGE = YES_ERROR;
				CLANG_WARN_DOCUMENTATION_COMMENTS = YES;
				CLANG_WARN_EMPTY_BODY = YES;
				CLANG_WARN_ENUM_CONVERSION = YES;
				CLANG_WARN_INFINITE_RECURSION = YES;
				CLANG_WARN_INT_CONVERSION = YES;
				CLANG_WARN_NON_LITERAL_NULL_CONVERSION = YES;
				CLANG_WARN_OBJC_IMPLICIT_RETAIN_SELF = YES;
				CLANG_WARN_OBJC_LITERAL_CONVERSION = YES;
				CLANG_WARN_OBJC_ROOT_CLASS = YES_ERROR;
				CLANG_WARN_QUOTED_INCLUDE_IN_FRAMEWORK_HEADER = YES;
				CLANG_WARN_RANGE_LOOP_ANALYSIS = YES;
				CLANG_WARN_STRICT_PROTOTYPES = YES;
				CLANG_WARN_SUSPICIOUS_MOVE = YES;
				CLANG_WARN_UNGUARDED_AVAILABILITY = YES_AGGRESSIVE;
				CLANG_WARN_UNREACHABLE_CODE = YES;
				CLANG_WARN__DUPLICATE_METHOD_MATCH = YES;
				COPY_PHASE_STRIP = NO;
				DEBUG_INFORMATION_FORMAT = "dwarf-with-dsym";
				ENABLE_NS_ASSERTIONS = NO;
				ENABLE_STRICT_OBJC_MSGSEND = YES;
				ENABLE_USER_SCRIPT_SANDBOXING = YES;
				GCC_C_LANGUAGE_STANDARD = gnu17;
				GCC_NO_COMMON_BLOCKS = YES;
				GCC_WARN_64_TO_32_BIT_CONVERSION = YES;
				GCC_WARN_ABOUT_RETURN_TYPE = YES_ERROR;
				GCC_WARN_UNDECLARED_SELECTOR = YES;
				GCC_WARN_UNINITIALIZED_AUTOS = YES_AGGRESSIVE;
				GCC_WARN_UNUSED_FUNCTION = YES;
				GCC_WARN_UNUSED_VARIABLE = YES;
				IPHONEOS_DEPLOYMENT_TARGET = 17.4;
				LOCALIZATION_PREFERS_STRING_CATALOGS = YES;
				MTL_ENABLE_DEBUG_INFO = NO;
				MTL_FAST_MATH = YES;
				SDKROOT = iphoneos;
				SWIFT_COMPILATION_MODE = wholemodule;
				VALIDATE_PRODUCT = YES;
			};
			name = Release;
		};
		B6A09F032BD81BD9004A0244 /* Debug */ = {
			isa = XCBuildConfiguration;
			buildSettings = {
				ASSETCATALOG_COMPILER_APPICON_NAME = AppIcon;
				ASSETCATALOG_COMPILER_GLOBAL_ACCENT_COLOR_NAME = AccentColor;
				CODE_SIGN_STYLE = Automatic;
				CURRENT_PROJECT_VERSION = 1;
				DEVELOPMENT_ASSET_PATHS = "\"Mapper/Preview Content\"";
				DEVELOPMENT_TEAM = M8VYRKA2RH;
				ENABLE_PREVIEWS = YES;
				GENERATE_INFOPLIST_FILE = YES;
				INFOPLIST_FILE = Mapper/Info.plist;
				INFOPLIST_KEY_NSLocationAlwaysAndWhenInUseUsageDescription = "Route Mapping";
				INFOPLIST_KEY_NSLocationWhenInUseUsageDescription = "Mapping Route";
				INFOPLIST_KEY_UIApplicationSceneManifest_Generation = YES;
				INFOPLIST_KEY_UIApplicationSupportsIndirectInputEvents = YES;
				INFOPLIST_KEY_UILaunchScreen_Generation = YES;
				INFOPLIST_KEY_UISupportedInterfaceOrientations_iPad = "UIInterfaceOrientationPortrait UIInterfaceOrientationPortraitUpsideDown UIInterfaceOrientationLandscapeLeft UIInterfaceOrientationLandscapeRight";
				INFOPLIST_KEY_UISupportedInterfaceOrientations_iPhone = "UIInterfaceOrientationPortrait UIInterfaceOrientationLandscapeLeft UIInterfaceOrientationLandscapeRight";
				IPHONEOS_DEPLOYMENT_TARGET = 17.0;
				LD_RUNPATH_SEARCH_PATHS = (
					"$(inherited)",
					"@executable_path/Frameworks",
				);
				MARKETING_VERSION = 1.0;
				PRODUCT_BUNDLE_IDENTIFIER = com.ImranRazak.Mapper;
				PRODUCT_NAME = "$(TARGET_NAME)";
				SUPPORTED_PLATFORMS = "iphoneos iphonesimulator";
				SUPPORTS_MACCATALYST = NO;
				SUPPORTS_MAC_DESIGNED_FOR_IPHONE_IPAD = NO;
				SUPPORTS_XR_DESIGNED_FOR_IPHONE_IPAD = NO;
				SWIFT_EMIT_LOC_STRINGS = YES;
				SWIFT_VERSION = 5.0;
				TARGETED_DEVICE_FAMILY = 1;
			};
			name = Debug;
		};
		B6A09F042BD81BD9004A0244 /* Release */ = {
			isa = XCBuildConfiguration;
			buildSettings = {
				ASSETCATALOG_COMPILER_APPICON_NAME = AppIcon;
				ASSETCATALOG_COMPILER_GLOBAL_ACCENT_COLOR_NAME = AccentColor;
				CODE_SIGN_STYLE = Automatic;
				CURRENT_PROJECT_VERSION = 1;
				DEVELOPMENT_ASSET_PATHS = "\"Mapper/Preview Content\"";
				DEVELOPMENT_TEAM = M8VYRKA2RH;
				ENABLE_PREVIEWS = YES;
				GENERATE_INFOPLIST_FILE = YES;
				INFOPLIST_FILE = Mapper/Info.plist;
				INFOPLIST_KEY_NSLocationAlwaysAndWhenInUseUsageDescription = "Route Mapping";
				INFOPLIST_KEY_NSLocationWhenInUseUsageDescription = "Mapping Route";
				INFOPLIST_KEY_UIApplicationSceneManifest_Generation = YES;
				INFOPLIST_KEY_UIApplicationSupportsIndirectInputEvents = YES;
				INFOPLIST_KEY_UILaunchScreen_Generation = YES;
				INFOPLIST_KEY_UISupportedInterfaceOrientations_iPad = "UIInterfaceOrientationPortrait UIInterfaceOrientationPortraitUpsideDown UIInterfaceOrientationLandscapeLeft UIInterfaceOrientationLandscapeRight";
				INFOPLIST_KEY_UISupportedInterfaceOrientations_iPhone = "UIInterfaceOrientationPortrait UIInterfaceOrientationLandscapeLeft UIInterfaceOrientationLandscapeRight";
				IPHONEOS_DEPLOYMENT_TARGET = 17.0;
				LD_RUNPATH_SEARCH_PATHS = (
					"$(inherited)",
					"@executable_path/Frameworks",
				);
				MARKETING_VERSION = 1.0;
				PRODUCT_BUNDLE_IDENTIFIER = com.ImranRazak.Mapper;
				PRODUCT_NAME = "$(TARGET_NAME)";
				SUPPORTED_PLATFORMS = "iphoneos iphonesimulator";
				SUPPORTS_MACCATALYST = NO;
				SUPPORTS_MAC_DESIGNED_FOR_IPHONE_IPAD = NO;
				SUPPORTS_XR_DESIGNED_FOR_IPHONE_IPAD = NO;
				SWIFT_EMIT_LOC_STRINGS = YES;
				SWIFT_VERSION = 5.0;
				TARGETED_DEVICE_FAMILY = 1;
			};
			name = Release;
		};
/* End XCBuildConfiguration section */

/* Begin XCConfigurationList section */
		B6A09EEF2BD81BD7004A0244 /* Build configuration list for PBXProject "Mapper" */ = {
			isa = XCConfigurationList;
			buildConfigurations = (
				B6A09F002BD81BD9004A0244 /* Debug */,
				B6A09F012BD81BD9004A0244 /* Release */,
			);
			defaultConfigurationIsVisible = 0;
			defaultConfigurationName = Release;
		};
		B6A09F022BD81BD9004A0244 /* Build configuration list for PBXNativeTarget "Mapper" */ = {
			isa = XCConfigurationList;
			buildConfigurations = (
				B6A09F032BD81BD9004A0244 /* Debug */,
				B6A09F042BD81BD9004A0244 /* Release */,
			);
			defaultConfigurationIsVisible = 0;
			defaultConfigurationName = Release;
		};
/* End XCConfigurationList section */

/* Begin XCRemoteSwiftPackageReference section */
		B6A09F052BD81D3C004A0244 /* XCRemoteSwiftPackageReference "firebase-ios-sdk" */ = {
			isa = XCRemoteSwiftPackageReference;
			repositoryURL = "https://github.com/firebase/firebase-ios-sdk";
			requirement = {
				kind = upToNextMajorVersion;
				minimumVersion = 10.24.0;
			};
		};
/* End XCRemoteSwiftPackageReference section */

/* Begin XCSwiftPackageProductDependency section */
		B6A09F062BD81D3C004A0244 /* FirebaseFirestore */ = {
			isa = XCSwiftPackageProductDependency;
			package = B6A09F052BD81D3C004A0244 /* XCRemoteSwiftPackageReference "firebase-ios-sdk" */;
			productName = FirebaseFirestore;
		};
		B6A09F1A2BD8338A004A0244 /* FirebaseAuth */ = {
			isa = XCSwiftPackageProductDependency;
			package = B6A09F052BD81D3C004A0244 /* XCRemoteSwiftPackageReference "firebase-ios-sdk" */;
			productName = FirebaseAuth;
		};
/* End XCSwiftPackageProductDependency section */
	};
	rootObject = B6A09EEC2BD81BD7004A0244 /* Project object */;
}
